
Microsoft Visual Studio Solution File, Format Version 12.00
# Visual Studio Version 16
VisualStudioVersion = 16.0.33214.272
MinimumVisualStudioVersion = 10.0.40219.1
Project("{FAE04EC0-301F-11D3-BF4B-00C04F79EFBC}") = "DatasetDesigner", "DatasetDesigner\DatasetDesigner.csproj", "{879F8623-0B06-4357-9D8A-1B8682239F19}"
EndProject
Global
	GlobalSection(SolutionConfigurationPlatforms) = preSolution
		Debug|Any CPU = Debug|Any CPU
		Release|Any CPU = Release|Any CPU
	EndGlobalSection
	GlobalSection(ProjectConfigurationPlatforms) = postSolution
		{879F8623-0B06-4357-9D8A-1B8682239F19}.Debug|Any CPU.ActiveCfg = Debug|Any CPU
		{879F8623-0B06-4357-9D8A-1B8682239F19}.Debug|Any CPU.Build.0 = Debug|Any CPU
		{879F8623-0B06-4357-9D8A-1B8682239F19}.Release|Any CPU.ActiveCfg = Release|Any CPU
		{879F8623-0B06-4357-9D8A-1B8682239F19}.Release|Any CPU.Build.0 = Release|Any CPU
	EndGlobalSection
	GlobalSection(SolutionProperties) = preSolution
		HideSolutionNode = FALSE
	EndGlobalSection
	GlobalSection(ExtensibilityGlobals) = postSolution
		SolutionGuid = {E75FD7B6-06CA-4C96-8533-F82A31815CF0}
	EndGlobalSection
EndGlobal
